// !$*UTF8*$!
{
	archiveVersion = 1;
	classes = {
	};
	objectVersion = 50;
	objects = {

/* Begin PBXBuildFile section */
		1CABEC44E100CE702BA76E98 /* Pods_easySimulator.framework in Frameworks */ = {isa = PBXBuildFile; fileRef = D43FFD607A307D1B937DAC3B /* Pods_easySimulator.framework */; };
		231A1386B64ACA5EFF87DF3C /* Pods_easySimulatorTests.framework in Frameworks */ = {isa = PBXBuildFile; fileRef = C3968B367A16BE42A549A4A5 /* Pods_easySimulatorTests.framework */; };
		9219A4F6212E5402002DF50C /* SimulatorInputPresenter.swift in Sources */ = {isa = PBXBuildFile; fileRef = 9219A4F0212E5402002DF50C /* SimulatorInputPresenter.swift */; };
		9219A4F7212E5402002DF50C /* SimulatorInputWorker.swift in Sources */ = {isa = PBXBuildFile; fileRef = 9219A4F1212E5402002DF50C /* SimulatorInputWorker.swift */; };
		9219A4F8212E5402002DF50C /* SimulatorInputRouter.swift in Sources */ = {isa = PBXBuildFile; fileRef = 9219A4F2212E5402002DF50C /* SimulatorInputRouter.swift */; };
		9219A4F9212E5402002DF50C /* SimulatorInputModels.swift in Sources */ = {isa = PBXBuildFile; fileRef = 9219A4F3212E5402002DF50C /* SimulatorInputModels.swift */; };
		9219A4FA212E5402002DF50C /* SimulatorInputViewController.swift in Sources */ = {isa = PBXBuildFile; fileRef = 9219A4F4212E5402002DF50C /* SimulatorInputViewController.swift */; };
		9219A4FB212E5402002DF50C /* SimulatorInputInteractor.swift in Sources */ = {isa = PBXBuildFile; fileRef = 9219A4F5212E5402002DF50C /* SimulatorInputInteractor.swift */; };
		9219A4FE212E5BD6002DF50C /* SimulationResult.swift in Sources */ = {isa = PBXBuildFile; fileRef = 9219A4FD212E5BD6002DF50C /* SimulationResult.swift */; };
		9219A500212E5C29002DF50C /* SimulationInput.swift in Sources */ = {isa = PBXBuildFile; fileRef = 9219A4FF212E5C29002DF50C /* SimulationInput.swift */; };
		9219A502212E5F17002DF50C /* NetwrokManager.swift in Sources */ = {isa = PBXBuildFile; fileRef = 9219A501212E5F17002DF50C /* NetwrokManager.swift */; };
		9219A504212E67D5002DF50C /* SimulatorNetworkWorker.swift in Sources */ = {isa = PBXBuildFile; fileRef = 9219A503212E67D5002DF50C /* SimulatorNetworkWorker.swift */; };
		AE09356DCCFA55F5741DC223 /* Pods_easySimulatorUITests.framework in Frameworks */ = {isa = PBXBuildFile; fileRef = 75668A8CCE472A81F44F88C4 /* Pods_easySimulatorUITests.framework */; };
		E9E6D5D2212E096E003C4DF6 /* AppDelegate.swift in Sources */ = {isa = PBXBuildFile; fileRef = E9E6D5D1212E096E003C4DF6 /* AppDelegate.swift */; };
		E9E6D5D7212E096E003C4DF6 /* Main.storyboard in Resources */ = {isa = PBXBuildFile; fileRef = E9E6D5D5212E096E003C4DF6 /* Main.storyboard */; };
		E9E6D5D9212E096F003C4DF6 /* Assets.xcassets in Resources */ = {isa = PBXBuildFile; fileRef = E9E6D5D8212E096F003C4DF6 /* Assets.xcassets */; };
		E9E6D5DC212E096F003C4DF6 /* LaunchScreen.storyboard in Resources */ = {isa = PBXBuildFile; fileRef = E9E6D5DA212E096F003C4DF6 /* LaunchScreen.storyboard */; };
		E9E6D5E7212E096F003C4DF6 /* easySimulatorTests.swift in Sources */ = {isa = PBXBuildFile; fileRef = E9E6D5E6212E096F003C4DF6 /* easySimulatorTests.swift */; };
		E9E6D5F2212E096F003C4DF6 /* easySimulatorUITests.swift in Sources */ = {isa = PBXBuildFile; fileRef = E9E6D5F1212E096F003C4DF6 /* easySimulatorUITests.swift */; };
/* End PBXBuildFile section */

/* Begin PBXContainerItemProxy section */
		E9E6D5E3212E096F003C4DF6 /* PBXContainerItemProxy */ = {
			isa = PBXContainerItemProxy;
			containerPortal = E9E6D5C6212E096E003C4DF6 /* Project object */;
			proxyType = 1;
			remoteGlobalIDString = E9E6D5CD212E096E003C4DF6;
			remoteInfo = easySimulator;
		};
		E9E6D5EE212E096F003C4DF6 /* PBXContainerItemProxy */ = {
			isa = PBXContainerItemProxy;
			containerPortal = E9E6D5C6212E096E003C4DF6 /* Project object */;
			proxyType = 1;
			remoteGlobalIDString = E9E6D5CD212E096E003C4DF6;
			remoteInfo = easySimulator;
		};
/* End PBXContainerItemProxy section */

/* Begin PBXFileReference section */
		2837A86E53B36ED26D625E04 /* Pods-easySimulatorUITests.release.xcconfig */ = {isa = PBXFileReference; includeInIndex = 1; lastKnownFileType = text.xcconfig; name = "Pods-easySimulatorUITests.release.xcconfig"; path = "Pods/Target Support Files/Pods-easySimulatorUITests/Pods-easySimulatorUITests.release.xcconfig"; sourceTree = "<group>"; };
		700FA14E427894A2FB617FF7 /* Pods-easySimulator.debug.xcconfig */ = {isa = PBXFileReference; includeInIndex = 1; lastKnownFileType = text.xcconfig; name = "Pods-easySimulator.debug.xcconfig"; path = "Pods/Target Support Files/Pods-easySimulator/Pods-easySimulator.debug.xcconfig"; sourceTree = "<group>"; };
		75668A8CCE472A81F44F88C4 /* Pods_easySimulatorUITests.framework */ = {isa = PBXFileReference; explicitFileType = wrapper.framework; includeInIndex = 0; path = Pods_easySimulatorUITests.framework; sourceTree = BUILT_PRODUCTS_DIR; };
		7814ABD46B518421A6A76E22 /* Pods-easySimulatorUITests.debug.xcconfig */ = {isa = PBXFileReference; includeInIndex = 1; lastKnownFileType = text.xcconfig; name = "Pods-easySimulatorUITests.debug.xcconfig"; path = "Pods/Target Support Files/Pods-easySimulatorUITests/Pods-easySimulatorUITests.debug.xcconfig"; sourceTree = "<group>"; };
		7A8948CCEE4F276AA46685C4 /* Pods-easySimulatorTests.release.xcconfig */ = {isa = PBXFileReference; includeInIndex = 1; lastKnownFileType = text.xcconfig; name = "Pods-easySimulatorTests.release.xcconfig"; path = "Pods/Target Support Files/Pods-easySimulatorTests/Pods-easySimulatorTests.release.xcconfig"; sourceTree = "<group>"; };
		9219A4F0212E5402002DF50C /* SimulatorInputPresenter.swift */ = {isa = PBXFileReference; lastKnownFileType = sourcecode.swift; path = SimulatorInputPresenter.swift; sourceTree = "<group>"; };
		9219A4F1212E5402002DF50C /* SimulatorInputWorker.swift */ = {isa = PBXFileReference; lastKnownFileType = sourcecode.swift; path = SimulatorInputWorker.swift; sourceTree = "<group>"; };
		9219A4F2212E5402002DF50C /* SimulatorInputRouter.swift */ = {isa = PBXFileReference; lastKnownFileType = sourcecode.swift; path = SimulatorInputRouter.swift; sourceTree = "<group>"; };
		9219A4F3212E5402002DF50C /* SimulatorInputModels.swift */ = {isa = PBXFileReference; lastKnownFileType = sourcecode.swift; path = SimulatorInputModels.swift; sourceTree = "<group>"; };
		9219A4F4212E5402002DF50C /* SimulatorInputViewController.swift */ = {isa = PBXFileReference; lastKnownFileType = sourcecode.swift; path = SimulatorInputViewController.swift; sourceTree = "<group>"; };
		9219A4F5212E5402002DF50C /* SimulatorInputInteractor.swift */ = {isa = PBXFileReference; lastKnownFileType = sourcecode.swift; path = SimulatorInputInteractor.swift; sourceTree = "<group>"; };
		9219A4FD212E5BD6002DF50C /* SimulationResult.swift */ = {isa = PBXFileReference; lastKnownFileType = sourcecode.swift; path = SimulationResult.swift; sourceTree = "<group>"; };
		9219A4FF212E5C29002DF50C /* SimulationInput.swift */ = {isa = PBXFileReference; lastKnownFileType = sourcecode.swift; path = SimulationInput.swift; sourceTree = "<group>"; };
		9219A501212E5F17002DF50C /* NetwrokManager.swift */ = {isa = PBXFileReference; lastKnownFileType = sourcecode.swift; path = NetwrokManager.swift; sourceTree = "<group>"; };
		9219A503212E67D5002DF50C /* SimulatorNetworkWorker.swift */ = {isa = PBXFileReference; lastKnownFileType = sourcecode.swift; path = SimulatorNetworkWorker.swift; sourceTree = "<group>"; };
		B0F096CDD52A4146D1822C2A /* Pods-easySimulator.release.xcconfig */ = {isa = PBXFileReference; includeInIndex = 1; lastKnownFileType = text.xcconfig; name = "Pods-easySimulator.release.xcconfig"; path = "Pods/Target Support Files/Pods-easySimulator/Pods-easySimulator.release.xcconfig"; sourceTree = "<group>"; };
		C3968B367A16BE42A549A4A5 /* Pods_easySimulatorTests.framework */ = {isa = PBXFileReference; explicitFileType = wrapper.framework; includeInIndex = 0; path = Pods_easySimulatorTests.framework; sourceTree = BUILT_PRODUCTS_DIR; };
		D43FFD607A307D1B937DAC3B /* Pods_easySimulator.framework */ = {isa = PBXFileReference; explicitFileType = wrapper.framework; includeInIndex = 0; path = Pods_easySimulator.framework; sourceTree = BUILT_PRODUCTS_DIR; };
		E9E6D5CE212E096E003C4DF6 /* easySimulator.app */ = {isa = PBXFileReference; explicitFileType = wrapper.application; includeInIndex = 0; path = easySimulator.app; sourceTree = BUILT_PRODUCTS_DIR; };
		E9E6D5D1212E096E003C4DF6 /* AppDelegate.swift */ = {isa = PBXFileReference; lastKnownFileType = sourcecode.swift; path = AppDelegate.swift; sourceTree = "<group>"; };
		E9E6D5D6212E096E003C4DF6 /* Base */ = {isa = PBXFileReference; lastKnownFileType = file.storyboard; name = Base; path = Base.lproj/Main.storyboard; sourceTree = "<group>"; };
		E9E6D5D8212E096F003C4DF6 /* Assets.xcassets */ = {isa = PBXFileReference; lastKnownFileType = folder.assetcatalog; path = Assets.xcassets; sourceTree = "<group>"; };
		E9E6D5DB212E096F003C4DF6 /* Base */ = {isa = PBXFileReference; lastKnownFileType = file.storyboard; name = Base; path = Base.lproj/LaunchScreen.storyboard; sourceTree = "<group>"; };
		E9E6D5DD212E096F003C4DF6 /* Info.plist */ = {isa = PBXFileReference; lastKnownFileType = text.plist.xml; path = Info.plist; sourceTree = "<group>"; };
		E9E6D5E2212E096F003C4DF6 /* easySimulatorTests.xctest */ = {isa = PBXFileReference; explicitFileType = wrapper.cfbundle; includeInIndex = 0; path = easySimulatorTests.xctest; sourceTree = BUILT_PRODUCTS_DIR; };
		E9E6D5E6212E096F003C4DF6 /* easySimulatorTests.swift */ = {isa = PBXFileReference; lastKnownFileType = sourcecode.swift; path = easySimulatorTests.swift; sourceTree = "<group>"; };
		E9E6D5E8212E096F003C4DF6 /* Info.plist */ = {isa = PBXFileReference; lastKnownFileType = text.plist.xml; path = Info.plist; sourceTree = "<group>"; };
		E9E6D5ED212E096F003C4DF6 /* easySimulatorUITests.xctest */ = {isa = PBXFileReference; explicitFileType = wrapper.cfbundle; includeInIndex = 0; path = easySimulatorUITests.xctest; sourceTree = BUILT_PRODUCTS_DIR; };
		E9E6D5F1212E096F003C4DF6 /* easySimulatorUITests.swift */ = {isa = PBXFileReference; lastKnownFileType = sourcecode.swift; path = easySimulatorUITests.swift; sourceTree = "<group>"; };
		E9E6D5F3212E096F003C4DF6 /* Info.plist */ = {isa = PBXFileReference; lastKnownFileType = text.plist.xml; path = Info.plist; sourceTree = "<group>"; };
		F68DAA7EE158FF996B267336 /* Pods-easySimulatorTests.debug.xcconfig */ = {isa = PBXFileReference; includeInIndex = 1; lastKnownFileType = text.xcconfig; name = "Pods-easySimulatorTests.debug.xcconfig"; path = "Pods/Target Support Files/Pods-easySimulatorTests/Pods-easySimulatorTests.debug.xcconfig"; sourceTree = "<group>"; };
/* End PBXFileReference section */

/* Begin PBXFrameworksBuildPhase section */
		E9E6D5CB212E096E003C4DF6 /* Frameworks */ = {
			isa = PBXFrameworksBuildPhase;
			buildActionMask = 2147483647;
			files = (
				1CABEC44E100CE702BA76E98 /* Pods_easySimulator.framework in Frameworks */,
			);
			runOnlyForDeploymentPostprocessing = 0;
		};
		E9E6D5DF212E096F003C4DF6 /* Frameworks */ = {
			isa = PBXFrameworksBuildPhase;
			buildActionMask = 2147483647;
			files = (
				231A1386B64ACA5EFF87DF3C /* Pods_easySimulatorTests.framework in Frameworks */,
			);
			runOnlyForDeploymentPostprocessing = 0;
		};
		E9E6D5EA212E096F003C4DF6 /* Frameworks */ = {
			isa = PBXFrameworksBuildPhase;
			buildActionMask = 2147483647;
			files = (
				AE09356DCCFA55F5741DC223 /* Pods_easySimulatorUITests.framework in Frameworks */,
			);
			runOnlyForDeploymentPostprocessing = 0;
		};
/* End PBXFrameworksBuildPhase section */

/* Begin PBXGroup section */
		9219A4E7212E531D002DF50C /* Models */ = {
			isa = PBXGroup;
			children = (
				9219A4FD212E5BD6002DF50C /* SimulationResult.swift */,
				9219A4FF212E5C29002DF50C /* SimulationInput.swift */,
			);
			path = Models;
			sourceTree = "<group>";
		};
		9219A4EB212E5330002DF50C /* Services */ = {
			isa = PBXGroup;
			children = (
			);
			path = Services;
			sourceTree = "<group>";
		};
		9219A4EC212E533B002DF50C /* Workers */ = {
			isa = PBXGroup;
			children = (
				9219A503212E67D5002DF50C /* SimulatorNetworkWorker.swift */,
			);
			path = Workers;
			sourceTree = "<group>";
		};
		9219A4ED212E5345002DF50C /* Scenes */ = {
			isa = PBXGroup;
			children = (
				9219A4EF212E5359002DF50C /* SimulatorInput */,
				9219A4EE212E5357002DF50C /* SimulatorResult */,
			);
			path = Scenes;
			sourceTree = "<group>";
		};
		9219A4EE212E5357002DF50C /* SimulatorResult */ = {
			isa = PBXGroup;
			children = (
			);
			path = SimulatorResult;
			sourceTree = "<group>";
		};
		9219A4EF212E5359002DF50C /* SimulatorInput */ = {
			isa = PBXGroup;
			children = (
				9219A4F4212E5402002DF50C /* SimulatorInputViewController.swift */,
				9219A4F5212E5402002DF50C /* SimulatorInputInteractor.swift */,
				9219A4F1212E5402002DF50C /* SimulatorInputWorker.swift */,
				9219A4F0212E5402002DF50C /* SimulatorInputPresenter.swift */,
				9219A4F2212E5402002DF50C /* SimulatorInputRouter.swift */,
				9219A4F3212E5402002DF50C /* SimulatorInputModels.swift */,
			);
			path = SimulatorInput;
			sourceTree = "<group>";
		};
		9219A4FC212E5B9C002DF50C /* Managers */ = {
			isa = PBXGroup;
			children = (
				9219A501212E5F17002DF50C /* NetwrokManager.swift */,
			);
			path = Managers;
			sourceTree = "<group>";
		};
		A97657CBCDBFA0964C78E489 /* Pods */ = {
			isa = PBXGroup;
			children = (
				700FA14E427894A2FB617FF7 /* Pods-easySimulator.debug.xcconfig */,
				B0F096CDD52A4146D1822C2A /* Pods-easySimulator.release.xcconfig */,
				F68DAA7EE158FF996B267336 /* Pods-easySimulatorTests.debug.xcconfig */,
				7A8948CCEE4F276AA46685C4 /* Pods-easySimulatorTests.release.xcconfig */,
				7814ABD46B518421A6A76E22 /* Pods-easySimulatorUITests.debug.xcconfig */,
				2837A86E53B36ED26D625E04 /* Pods-easySimulatorUITests.release.xcconfig */,
			);
			name = Pods;
			sourceTree = "<group>";
		};
		BBE85D495691AF00C92F029C /* Frameworks */ = {
			isa = PBXGroup;
			children = (
				D43FFD607A307D1B937DAC3B /* Pods_easySimulator.framework */,
				C3968B367A16BE42A549A4A5 /* Pods_easySimulatorTests.framework */,
				75668A8CCE472A81F44F88C4 /* Pods_easySimulatorUITests.framework */,
			);
			name = Frameworks;
			sourceTree = "<group>";
		};
		E9E6D5C5212E096E003C4DF6 = {
			isa = PBXGroup;
			children = (
				E9E6D5D0212E096E003C4DF6 /* easySimulator */,
				E9E6D5E5212E096F003C4DF6 /* easySimulatorTests */,
				E9E6D5F0212E096F003C4DF6 /* easySimulatorUITests */,
				E9E6D5CF212E096E003C4DF6 /* Products */,
				A97657CBCDBFA0964C78E489 /* Pods */,
				BBE85D495691AF00C92F029C /* Frameworks */,
			);
			sourceTree = "<group>";
		};
		E9E6D5CF212E096E003C4DF6 /* Products */ = {
			isa = PBXGroup;
			children = (
				E9E6D5CE212E096E003C4DF6 /* easySimulator.app */,
				E9E6D5E2212E096F003C4DF6 /* easySimulatorTests.xctest */,
				E9E6D5ED212E096F003C4DF6 /* easySimulatorUITests.xctest */,
			);
			name = Products;
			sourceTree = "<group>";
		};
		E9E6D5D0212E096E003C4DF6 /* easySimulator */ = {
			isa = PBXGroup;
			children = (
				9219A4FC212E5B9C002DF50C /* Managers */,
				9219A4ED212E5345002DF50C /* Scenes */,
				9219A4EC212E533B002DF50C /* Workers */,
				9219A4EB212E5330002DF50C /* Services */,
				9219A4E7212E531D002DF50C /* Models */,
				E9E6D5D1212E096E003C4DF6 /* AppDelegate.swift */,
				E9E6D5D5212E096E003C4DF6 /* Main.storyboard */,
				E9E6D5DA212E096F003C4DF6 /* LaunchScreen.storyboard */,
				E9E6D5D8212E096F003C4DF6 /* Assets.xcassets */,
				E9E6D5DD212E096F003C4DF6 /* Info.plist */,
			);
			path = easySimulator;
			sourceTree = "<group>";
		};
		E9E6D5E5212E096F003C4DF6 /* easySimulatorTests */ = {
			isa = PBXGroup;
			children = (
				E9E6D5E6212E096F003C4DF6 /* easySimulatorTests.swift */,
				E9E6D5E8212E096F003C4DF6 /* Info.plist */,
			);
			path = easySimulatorTests;
			sourceTree = "<group>";
		};
		E9E6D5F0212E096F003C4DF6 /* easySimulatorUITests */ = {
			isa = PBXGroup;
			children = (
				E9E6D5F1212E096F003C4DF6 /* easySimulatorUITests.swift */,
				E9E6D5F3212E096F003C4DF6 /* Info.plist */,
			);
			path = easySimulatorUITests;
			sourceTree = "<group>";
		};
/* End PBXGroup section */

/* Begin PBXNativeTarget section */
		E9E6D5CD212E096E003C4DF6 /* easySimulator */ = {
			isa = PBXNativeTarget;
			buildConfigurationList = E9E6D5F6212E096F003C4DF6 /* Build configuration list for PBXNativeTarget "easySimulator" */;
			buildPhases = (
				C95014DE2F2519B0B073B9C0 /* [CP] Check Pods Manifest.lock */,
				E9E6D5CA212E096E003C4DF6 /* Sources */,
				E9E6D5CB212E096E003C4DF6 /* Frameworks */,
				E9E6D5CC212E096E003C4DF6 /* Resources */,
			);
			buildRules = (
			);
			dependencies = (
			);
			name = easySimulator;
			productName = easySimulator;
			productReference = E9E6D5CE212E096E003C4DF6 /* easySimulator.app */;
			productType = "com.apple.product-type.application";
		};
		E9E6D5E1212E096F003C4DF6 /* easySimulatorTests */ = {
			isa = PBXNativeTarget;
			buildConfigurationList = E9E6D5F9212E096F003C4DF6 /* Build configuration list for PBXNativeTarget "easySimulatorTests" */;
			buildPhases = (
				84DD1EEB962F21EA0C913B3F /* [CP] Check Pods Manifest.lock */,
				E9E6D5DE212E096F003C4DF6 /* Sources */,
				E9E6D5DF212E096F003C4DF6 /* Frameworks */,
				E9E6D5E0212E096F003C4DF6 /* Resources */,
			);
			buildRules = (
			);
			dependencies = (
				E9E6D5E4212E096F003C4DF6 /* PBXTargetDependency */,
			);
			name = easySimulatorTests;
			productName = easySimulatorTests;
			productReference = E9E6D5E2212E096F003C4DF6 /* easySimulatorTests.xctest */;
			productType = "com.apple.product-type.bundle.unit-test";
		};
		E9E6D5EC212E096F003C4DF6 /* easySimulatorUITests */ = {
			isa = PBXNativeTarget;
			buildConfigurationList = E9E6D5FC212E096F003C4DF6 /* Build configuration list for PBXNativeTarget "easySimulatorUITests" */;
			buildPhases = (
				8E538218F612DCB1D284941D /* [CP] Check Pods Manifest.lock */,
				E9E6D5E9212E096F003C4DF6 /* Sources */,
				E9E6D5EA212E096F003C4DF6 /* Frameworks */,
				E9E6D5EB212E096F003C4DF6 /* Resources */,
			);
			buildRules = (
			);
			dependencies = (
				E9E6D5EF212E096F003C4DF6 /* PBXTargetDependency */,
			);
			name = easySimulatorUITests;
			productName = easySimulatorUITests;
			productReference = E9E6D5ED212E096F003C4DF6 /* easySimulatorUITests.xctest */;
			productType = "com.apple.product-type.bundle.ui-testing";
		};
/* End PBXNativeTarget section */

/* Begin PBXProject section */
		E9E6D5C6212E096E003C4DF6 /* Project object */ = {
			isa = PBXProject;
			attributes = {
				LastSwiftUpdateCheck = 0940;
				LastUpgradeCheck = 0940;
				ORGANIZATIONNAME = easynvest;
				TargetAttributes = {
					E9E6D5CD212E096E003C4DF6 = {
						CreatedOnToolsVersion = 9.4.1;
					};
					E9E6D5E1212E096F003C4DF6 = {
						CreatedOnToolsVersion = 9.4.1;
						TestTargetID = E9E6D5CD212E096E003C4DF6;
					};
					E9E6D5EC212E096F003C4DF6 = {
						CreatedOnToolsVersion = 9.4.1;
						TestTargetID = E9E6D5CD212E096E003C4DF6;
					};
				};
			};
			buildConfigurationList = E9E6D5C9212E096E003C4DF6 /* Build configuration list for PBXProject "easySimulator" */;
			compatibilityVersion = "Xcode 9.3";
			developmentRegion = en;
			hasScannedForEncodings = 0;
			knownRegions = (
				en,
				Base,
			);
			mainGroup = E9E6D5C5212E096E003C4DF6;
			productRefGroup = E9E6D5CF212E096E003C4DF6 /* Products */;
			projectDirPath = "";
			projectRoot = "";
			targets = (
				E9E6D5CD212E096E003C4DF6 /* easySimulator */,
				E9E6D5E1212E096F003C4DF6 /* easySimulatorTests */,
				E9E6D5EC212E096F003C4DF6 /* easySimulatorUITests */,
			);
		};
/* End PBXProject section */

/* Begin PBXResourcesBuildPhase section */
		E9E6D5CC212E096E003C4DF6 /* Resources */ = {
			isa = PBXResourcesBuildPhase;
			buildActionMask = 2147483647;
			files = (
				E9E6D5DC212E096F003C4DF6 /* LaunchScreen.storyboard in Resources */,
				E9E6D5D9212E096F003C4DF6 /* Assets.xcassets in Resources */,
				E9E6D5D7212E096E003C4DF6 /* Main.storyboard in Resources */,
			);
			runOnlyForDeploymentPostprocessing = 0;
		};
		E9E6D5E0212E096F003C4DF6 /* Resources */ = {
			isa = PBXResourcesBuildPhase;
			buildActionMask = 2147483647;
			files = (
			);
			runOnlyForDeploymentPostprocessing = 0;
		};
		E9E6D5EB212E096F003C4DF6 /* Resources */ = {
			isa = PBXResourcesBuildPhase;
			buildActionMask = 2147483647;
			files = (
			);
			runOnlyForDeploymentPostprocessing = 0;
		};
/* End PBXResourcesBuildPhase section */

/* Begin PBXShellScriptBuildPhase section */
		84DD1EEB962F21EA0C913B3F /* [CP] Check Pods Manifest.lock */ = {
			isa = PBXShellScriptBuildPhase;
			buildActionMask = 2147483647;
			files = (
			);
			inputPaths = (
				"${PODS_PODFILE_DIR_PATH}/Podfile.lock",
				"${PODS_ROOT}/Manifest.lock",
			);
			name = "[CP] Check Pods Manifest.lock";
			outputPaths = (
				"$(DERIVED_FILE_DIR)/Pods-easySimulatorTests-checkManifestLockResult.txt",
			);
			runOnlyForDeploymentPostprocessing = 0;
			shellPath = /bin/sh;
			shellScript = "diff \"${PODS_PODFILE_DIR_PATH}/Podfile.lock\" \"${PODS_ROOT}/Manifest.lock\" > /dev/null\nif [ $? != 0 ] ; then\n    # print error to STDERR\n    echo \"error: The sandbox is not in sync with the Podfile.lock. Run 'pod install' or update your CocoaPods installation.\" >&2\n    exit 1\nfi\n# This output is used by Xcode 'outputs' to avoid re-running this script phase.\necho \"SUCCESS\" > \"${SCRIPT_OUTPUT_FILE_0}\"\n";
			showEnvVarsInLog = 0;
		};
		8E538218F612DCB1D284941D /* [CP] Check Pods Manifest.lock */ = {
			isa = PBXShellScriptBuildPhase;
			buildActionMask = 2147483647;
			files = (
			);
			inputPaths = (
				"${PODS_PODFILE_DIR_PATH}/Podfile.lock",
				"${PODS_ROOT}/Manifest.lock",
			);
			name = "[CP] Check Pods Manifest.lock";
			outputPaths = (
				"$(DERIVED_FILE_DIR)/Pods-easySimulatorUITests-checkManifestLockResult.txt",
			);
			runOnlyForDeploymentPostprocessing = 0;
			shellPath = /bin/sh;
			shellScript = "diff \"${PODS_PODFILE_DIR_PATH}/Podfile.lock\" \"${PODS_ROOT}/Manifest.lock\" > /dev/null\nif [ $? != 0 ] ; then\n    # print error to STDERR\n    echo \"error: The sandbox is not in sync with the Podfile.lock. Run 'pod install' or update your CocoaPods installation.\" >&2\n    exit 1\nfi\n# This output is used by Xcode 'outputs' to avoid re-running this script phase.\necho \"SUCCESS\" > \"${SCRIPT_OUTPUT_FILE_0}\"\n";
			showEnvVarsInLog = 0;
		};
		C95014DE2F2519B0B073B9C0 /* [CP] Check Pods Manifest.lock */ = {
			isa = PBXShellScriptBuildPhase;
			buildActionMask = 2147483647;
			files = (
			);
			inputPaths = (
				"${PODS_PODFILE_DIR_PATH}/Podfile.lock",
				"${PODS_ROOT}/Manifest.lock",
			);
			name = "[CP] Check Pods Manifest.lock";
			outputPaths = (
				"$(DERIVED_FILE_DIR)/Pods-easySimulator-checkManifestLockResult.txt",
			);
			runOnlyForDeploymentPostprocessing = 0;
			shellPath = /bin/sh;
			shellScript = "diff \"${PODS_PODFILE_DIR_PATH}/Podfile.lock\" \"${PODS_ROOT}/Manifest.lock\" > /dev/null\nif [ $? != 0 ] ; then\n    # print error to STDERR\n    echo \"error: The sandbox is not in sync with the Podfile.lock. Run 'pod install' or update your CocoaPods installation.\" >&2\n    exit 1\nfi\n# This output is used by Xcode 'outputs' to avoid re-running this script phase.\necho \"SUCCESS\" > \"${SCRIPT_OUTPUT_FILE_0}\"\n";
			showEnvVarsInLog = 0;
		};
/* End PBXShellScriptBuildPhase section */

/* Begin PBXSourcesBuildPhase section */
		E9E6D5CA212E096E003C4DF6 /* Sources */ = {
			isa = PBXSourcesBuildPhase;
			buildActionMask = 2147483647;
			files = (
				9219A4F6212E5402002DF50C /* SimulatorInputPresenter.swift in Sources */,
				9219A4FA212E5402002DF50C /* SimulatorInputViewController.swift in Sources */,
				E9E6D5D2212E096E003C4DF6 /* AppDelegate.swift in Sources */,
				9219A4FB212E5402002DF50C /* SimulatorInputInteractor.swift in Sources */,
				9219A502212E5F17002DF50C /* NetwrokManager.swift in Sources */,
				9219A4F8212E5402002DF50C /* SimulatorInputRouter.swift in Sources */,
				9219A4FE212E5BD6002DF50C /* SimulationResult.swift in Sources */,
				9219A504212E67D5002DF50C /* SimulatorNetworkWorker.swift in Sources */,
				9219A500212E5C29002DF50C /* SimulationInput.swift in Sources */,
				9219A4F7212E5402002DF50C /* SimulatorInputWorker.swift in Sources */,
				9219A4F9212E5402002DF50C /* SimulatorInputModels.swift in Sources */,
			);
			runOnlyForDeploymentPostprocessing = 0;
		};
		E9E6D5DE212E096F003C4DF6 /* Sources */ = {
			isa = PBXSourcesBuildPhase;
			buildActionMask = 2147483647;
			files = (
				E9E6D5E7212E096F003C4DF6 /* easySimulatorTests.swift in Sources */,
			);
			runOnlyForDeploymentPostprocessing = 0;
		};
		E9E6D5E9212E096F003C4DF6 /* Sources */ = {
			isa = PBXSourcesBuildPhase;
			buildActionMask = 2147483647;
			files = (
				E9E6D5F2212E096F003C4DF6 /* easySimulatorUITests.swift in Sources */,
			);
			runOnlyForDeploymentPostprocessing = 0;
		};
/* End PBXSourcesBuildPhase section */

/* Begin PBXTargetDependency section */
		E9E6D5E4212E096F003C4DF6 /* PBXTargetDependency */ = {
			isa = PBXTargetDependency;
			target = E9E6D5CD212E096E003C4DF6 /* easySimulator */;
			targetProxy = E9E6D5E3212E096F003C4DF6 /* PBXContainerItemProxy */;
		};
		E9E6D5EF212E096F003C4DF6 /* PBXTargetDependency */ = {
			isa = PBXTargetDependency;
			target = E9E6D5CD212E096E003C4DF6 /* easySimulator */;
			targetProxy = E9E6D5EE212E096F003C4DF6 /* PBXContainerItemProxy */;
		};
/* End PBXTargetDependency section */

/* Begin PBXVariantGroup section */
		E9E6D5D5212E096E003C4DF6 /* Main.storyboard */ = {
			isa = PBXVariantGroup;
			children = (
				E9E6D5D6212E096E003C4DF6 /* Base */,
			);
			name = Main.storyboard;
			sourceTree = "<group>";
		};
		E9E6D5DA212E096F003C4DF6 /* LaunchScreen.storyboard */ = {
			isa = PBXVariantGroup;
			children = (
				E9E6D5DB212E096F003C4DF6 /* Base */,
			);
			name = LaunchScreen.storyboard;
			sourceTree = "<group>";
		};
/* End PBXVariantGroup section */

/* Begin XCBuildConfiguration section */
		E9E6D5F4212E096F003C4DF6 /* Debug */ = {
			isa = XCBuildConfiguration;
			buildSettings = {
				ALWAYS_SEARCH_USER_PATHS = NO;
				CLANG_ANALYZER_NONNULL = YES;
				CLANG_ANALYZER_NUMBER_OBJECT_CONVERSION = YES_AGGRESSIVE;
				CLANG_CXX_LANGUAGE_STANDARD = "gnu++14";
				CLANG_CXX_LIBRARY = "libc++";
				CLANG_ENABLE_MODULES = YES;
				CLANG_ENABLE_OBJC_ARC = YES;
				CLANG_ENABLE_OBJC_WEAK = YES;
				CLANG_WARN_BLOCK_CAPTURE_AUTORELEASING = YES;
				CLANG_WARN_BOOL_CONVERSION = YES;
				CLANG_WARN_COMMA = YES;
				CLANG_WARN_CONSTANT_CONVERSION = YES;
				CLANG_WARN_DEPRECATED_OBJC_IMPLEMENTATIONS = YES;
				CLANG_WARN_DIRECT_OBJC_ISA_USAGE = YES_ERROR;
				CLANG_WARN_DOCUMENTATION_COMMENTS = YES;
				CLANG_WARN_EMPTY_BODY = YES;
				CLANG_WARN_ENUM_CONVERSION = YES;
				CLANG_WARN_INFINITE_RECURSION = YES;
				CLANG_WARN_INT_CONVERSION = YES;
				CLANG_WARN_NON_LITERAL_NULL_CONVERSION = YES;
				CLANG_WARN_OBJC_IMPLICIT_RETAIN_SELF = YES;
				CLANG_WARN_OBJC_LITERAL_CONVERSION = YES;
				CLANG_WARN_OBJC_ROOT_CLASS = YES_ERROR;
				CLANG_WARN_RANGE_LOOP_ANALYSIS = YES;
				CLANG_WARN_STRICT_PROTOTYPES = YES;
				CLANG_WARN_SUSPICIOUS_MOVE = YES;
				CLANG_WARN_UNGUARDED_AVAILABILITY = YES_AGGRESSIVE;
				CLANG_WARN_UNREACHABLE_CODE = YES;
				CLANG_WARN__DUPLICATE_METHOD_MATCH = YES;
				CODE_SIGN_IDENTITY = "iPhone Developer";
				COPY_PHASE_STRIP = NO;
				DEBUG_INFORMATION_FORMAT = dwarf;
				ENABLE_STRICT_OBJC_MSGSEND = YES;
				ENABLE_TESTABILITY = YES;
				GCC_C_LANGUAGE_STANDARD = gnu11;
				GCC_DYNAMIC_NO_PIC = NO;
				GCC_NO_COMMON_BLOCKS = YES;
				GCC_OPTIMIZATION_LEVEL = 0;
				GCC_PREPROCESSOR_DEFINITIONS = (
					"DEBUG=1",
					"$(inherited)",
				);
				GCC_WARN_64_TO_32_BIT_CONVERSION = YES;
				GCC_WARN_ABOUT_RETURN_TYPE = YES_ERROR;
				GCC_WARN_UNDECLARED_SELECTOR = YES;
				GCC_WARN_UNINITIALIZED_AUTOS = YES_AGGRESSIVE;
				GCC_WARN_UNUSED_FUNCTION = YES;
				GCC_WARN_UNUSED_VARIABLE = YES;
				IPHONEOS_DEPLOYMENT_TARGET = 11.4;
				MTL_ENABLE_DEBUG_INFO = YES;
				ONLY_ACTIVE_ARCH = YES;
				SDKROOT = iphoneos;
				SWIFT_ACTIVE_COMPILATION_CONDITIONS = DEBUG;
				SWIFT_OPTIMIZATION_LEVEL = "-Onone";
			};
			name = Debug;
		};
		E9E6D5F5212E096F003C4DF6 /* Release */ = {
			isa = XCBuildConfiguration;
			buildSettings = {
				ALWAYS_SEARCH_USER_PATHS = NO;
				CLANG_ANALYZER_NONNULL = YES;
				CLANG_ANALYZER_NUMBER_OBJECT_CONVERSION = YES_AGGRESSIVE;
				CLANG_CXX_LANGUAGE_STANDARD = "gnu++14";
				CLANG_CXX_LIBRARY = "libc++";
				CLANG_ENABLE_MODULES = YES;
				CLANG_ENABLE_OBJC_ARC = YES;
				CLANG_ENABLE_OBJC_WEAK = YES;
				CLANG_WARN_BLOCK_CAPTURE_AUTORELEASING = YES;
				CLANG_WARN_BOOL_CONVERSION = YES;
				CLANG_WARN_COMMA = YES;
				CLANG_WARN_CONSTANT_CONVERSION = YES;
				CLANG_WARN_DEPRECATED_OBJC_IMPLEMENTATIONS = YES;
				CLANG_WARN_DIRECT_OBJC_ISA_USAGE = YES_ERROR;
				CLANG_WARN_DOCUMENTATION_COMMENTS = YES;
				CLANG_WARN_EMPTY_BODY = YES;
				CLANG_WARN_ENUM_CONVERSION = YES;
				CLANG_WARN_INFINITE_RECURSION = YES;
				CLANG_WARN_INT_CONVERSION = YES;
				CLANG_WARN_NON_LITERAL_NULL_CONVERSION = YES;
				CLANG_WARN_OBJC_IMPLICIT_RETAIN_SELF = YES;
				CLANG_WARN_OBJC_LITERAL_CONVERSION = YES;
				CLANG_WARN_OBJC_ROOT_CLASS = YES_ERROR;
				CLANG_WARN_RANGE_LOOP_ANALYSIS = YES;
				CLANG_WARN_STRICT_PROTOTYPES = YES;
				CLANG_WARN_SUSPICIOUS_MOVE = YES;
				CLANG_WARN_UNGUARDED_AVAILABILITY = YES_AGGRESSIVE;
				CLANG_WARN_UNREACHABLE_CODE = YES;
				CLANG_WARN__DUPLICATE_METHOD_MATCH = YES;
				CODE_SIGN_IDENTITY = "iPhone Developer";
				COPY_PHASE_STRIP = NO;
				DEBUG_INFORMATION_FORMAT = "dwarf-with-dsym";
				ENABLE_NS_ASSERTIONS = NO;
				ENABLE_STRICT_OBJC_MSGSEND = YES;
				GCC_C_LANGUAGE_STANDARD = gnu11;
				GCC_NO_COMMON_BLOCKS = YES;
				GCC_WARN_64_TO_32_BIT_CONVERSION = YES;
				GCC_WARN_ABOUT_RETURN_TYPE = YES_ERROR;
				GCC_WARN_UNDECLARED_SELECTOR = YES;
				GCC_WARN_UNINITIALIZED_AUTOS = YES_AGGRESSIVE;
				GCC_WARN_UNUSED_FUNCTION = YES;
				GCC_WARN_UNUSED_VARIABLE = YES;
				IPHONEOS_DEPLOYMENT_TARGET = 11.4;
				MTL_ENABLE_DEBUG_INFO = NO;
				SDKROOT = iphoneos;
				SWIFT_COMPILATION_MODE = wholemodule;
				SWIFT_OPTIMIZATION_LEVEL = "-O";
				VALIDATE_PRODUCT = YES;
			};
			name = Release;
		};
		E9E6D5F7212E096F003C4DF6 /* Debug */ = {
			isa = XCBuildConfiguration;
			baseConfigurationReference = 700FA14E427894A2FB617FF7 /* Pods-easySimulator.debug.xcconfig */;
			buildSettings = {
				ASSETCATALOG_COMPILER_APPICON_NAME = AppIcon;
				CODE_SIGN_STYLE = Automatic;
				DEVELOPMENT_TEAM = 5Y5KPADL48;
				INFOPLIST_FILE = easySimulator/Info.plist;
				LD_RUNPATH_SEARCH_PATHS = (
					"$(inherited)",
					"@executable_path/Frameworks",
				);
				PRODUCT_BUNDLE_IDENTIFIER = br.com.easynvest.easySimulator;
				PRODUCT_NAME = "$(TARGET_NAME)";
				SWIFT_VERSION = 4.0;
				TARGETED_DEVICE_FAMILY = "1,2";
			};
			name = Debug;
		};
		E9E6D5F8212E096F003C4DF6 /* Release */ = {
			isa = XCBuildConfiguration;
			baseConfigurationReference = B0F096CDD52A4146D1822C2A /* Pods-easySimulator.release.xcconfig */;
			buildSettings = {
				ASSETCATALOG_COMPILER_APPICON_NAME = AppIcon;
				CODE_SIGN_STYLE = Automatic;
				DEVELOPMENT_TEAM = 5Y5KPADL48;
				INFOPLIST_FILE = easySimulator/Info.plist;
				LD_RUNPATH_SEARCH_PATHS = (
					"$(inherited)",
					"@executable_path/Frameworks",
				);
				PRODUCT_BUNDLE_IDENTIFIER = br.com.easynvest.easySimulator;
				PRODUCT_NAME = "$(TARGET_NAME)";
				SWIFT_VERSION = 4.0;
				TARGETED_DEVICE_FAMILY = "1,2";
			};
			name = Release;
		};
		E9E6D5FA212E096F003C4DF6 /* Debug */ = {
			isa = XCBuildConfiguration;
			baseConfigurationReference = F68DAA7EE158FF996B267336 /* Pods-easySimulatorTests.debug.xcconfig */;
			buildSettings = {
				ALWAYS_EMBED_SWIFT_STANDARD_LIBRARIES = YES;
				BUNDLE_LOADER = "$(TEST_HOST)";
				CODE_SIGN_STYLE = Automatic;
				DEVELOPMENT_TEAM = 5Y5KPADL48;
				INFOPLIST_FILE = easySimulatorTests/Info.plist;
				LD_RUNPATH_SEARCH_PATHS = (
					"$(inherited)",
					"@executable_path/Frameworks",
					"@loader_path/Frameworks",
				);
				PRODUCT_BUNDLE_IDENTIFIER = br.com.easynvest.easySimulatorTests;
				PRODUCT_NAME = "$(TARGET_NAME)";
				SWIFT_VERSION = 4.0;
				TARGETED_DEVICE_FAMILY = "1,2";
				TEST_HOST = "$(BUILT_PRODUCTS_DIR)/easySimulator.app/easySimulator";
			};
			name = Debug;
		};
		E9E6D5FB212E096F003C4DF6 /* Release */ = {
			isa = XCBuildConfiguration;
			baseConfigurationReference = 7A8948CCEE4F276AA46685C4 /* Pods-easySimulatorTests.release.xcconfig */;
			buildSettings = {
				ALWAYS_EMBED_SWIFT_STANDARD_LIBRARIES = YES;
				BUNDLE_LOADER = "$(TEST_HOST)";
				CODE_SIGN_STYLE = Automatic;
				DEVELOPMENT_TEAM = 5Y5KPADL48;
				INFOPLIST_FILE = easySimulatorTests/Info.plist;
				LD_RUNPATH_SEARCH_PATHS = (
					"$(inherited)",
					"@executable_path/Frameworks",
					"@loader_path/Frameworks",
				);
				PRODUCT_BUNDLE_IDENTIFIER = br.com.easynvest.easySimulatorTests;
				PRODUCT_NAME = "$(TARGET_NAME)";
				SWIFT_VERSION = 4.0;
				TARGETED_DEVICE_FAMILY = "1,2";
				TEST_HOST = "$(BUILT_PRODUCTS_DIR)/easySimulator.app/easySimulator";
			};
			name = Release;
		};
		E9E6D5FD212E096F003C4DF6 /* Debug */ = {
			isa = XCBuildConfiguration;
			baseConfigurationReference = 7814ABD46B518421A6A76E22 /* Pods-easySimulatorUITests.debug.xcconfig */;
			buildSettings = {
				ALWAYS_EMBED_SWIFT_STANDARD_LIBRARIES = YES;
				CODE_SIGN_STYLE = Automatic;
				DEVELOPMENT_TEAM = 5Y5KPADL48;
				INFOPLIST_FILE = easySimulatorUITests/Info.plist;
				LD_RUNPATH_SEARCH_PATHS = (
					"$(inherited)",
					"@executable_path/Frameworks",
					"@loader_path/Frameworks",
				);
				PRODUCT_BUNDLE_IDENTIFIER = br.com.easynvest.easySimulatorUITests;
				PRODUCT_NAME = "$(TARGET_NAME)";
				SWIFT_VERSION = 4.0;
				TARGETED_DEVICE_FAMILY = "1,2";
				TEST_TARGET_NAME = easySimulator;
			};
			name = Debug;
		};
		E9E6D5FE212E096F003C4DF6 /* Release */ = {
			isa = XCBuildConfiguration;
			baseConfigurationReference = 2837A86E53B36ED26D625E04 /* Pods-easySimulatorUITests.release.xcconfig */;
			buildSettings = {
				ALWAYS_EMBED_SWIFT_STANDARD_LIBRARIES = YES;
				CODE_SIGN_STYLE = Automatic;
				DEVELOPMENT_TEAM = 5Y5KPADL48;
				INFOPLIST_FILE = easySimulatorUITests/Info.plist;
				LD_RUNPATH_SEARCH_PATHS = (
					"$(inherited)",
					"@executable_path/Frameworks",
					"@loader_path/Frameworks",
				);
				PRODUCT_BUNDLE_IDENTIFIER = br.com.easynvest.easySimulatorUITests;
				PRODUCT_NAME = "$(TARGET_NAME)";
				SWIFT_VERSION = 4.0;
				TARGETED_DEVICE_FAMILY = "1,2";
				TEST_TARGET_NAME = easySimulator;
			};
			name = Release;
		};
/* End XCBuildConfiguration section */

/* Begin XCConfigurationList section */
		E9E6D5C9212E096E003C4DF6 /* Build configuration list for PBXProject "easySimulator" */ = {
			isa = XCConfigurationList;
			buildConfigurations = (
				E9E6D5F4212E096F003C4DF6 /* Debug */,
				E9E6D5F5212E096F003C4DF6 /* Release */,
			);
			defaultConfigurationIsVisible = 0;
			defaultConfigurationName = Release;
		};
		E9E6D5F6212E096F003C4DF6 /* Build configuration list for PBXNativeTarget "easySimulator" */ = {
			isa = XCConfigurationList;
			buildConfigurations = (
				E9E6D5F7212E096F003C4DF6 /* Debug */,
				E9E6D5F8212E096F003C4DF6 /* Release */,
			);
			defaultConfigurationIsVisible = 0;
			defaultConfigurationName = Release;
		};
		E9E6D5F9212E096F003C4DF6 /* Build configuration list for PBXNativeTarget "easySimulatorTests" */ = {
			isa = XCConfigurationList;
			buildConfigurations = (
				E9E6D5FA212E096F003C4DF6 /* Debug */,
				E9E6D5FB212E096F003C4DF6 /* Release */,
			);
			defaultConfigurationIsVisible = 0;
			defaultConfigurationName = Release;
		};
		E9E6D5FC212E096F003C4DF6 /* Build configuration list for PBXNativeTarget "easySimulatorUITests" */ = {
			isa = XCConfigurationList;
			buildConfigurations = (
				E9E6D5FD212E096F003C4DF6 /* Debug */,
				E9E6D5FE212E096F003C4DF6 /* Release */,
			);
			defaultConfigurationIsVisible = 0;
			defaultConfigurationName = Release;
		};
/* End XCConfigurationList section */
	};
	rootObject = E9E6D5C6212E096E003C4DF6 /* Project object */;
}
